{
  "name": "koa-api",
  "version": "1.0.0",
  "lockfileVersion": 1,
  "requires": true,
  "dependencies": {
    "@types/events": {
      "version": "3.0.0",
      "resolved": "https://registry.npm.taobao.org/@types/events/download/@types/events-3.0.0.tgz"
    },
    "@types/formidable": {
      "version": "1.0.31",
      "resolved": "https://registry.npm.taobao.org/@types/formidable/download/@types/formidable-1.0.31.tgz",
      "requires": {
        "@types/events": "*",
        "@types/node": "*"
      }
    },
    "@types/node": {
      "version": "12.6.2",
      "resolved": "https://registry.npm.taobao.org/@types/node/download/@types/node-12.6.2.tgz?cache=0&other_urls=https%3A%2F%2Fregistry.npm.taobao.org%2F%40types%2Fnode%2Fdownload%2F%40types%2Fnode-12.6.2.tgz"
    },
    "async": {
      "version": "2.6.2",
      "resolved": "https://registry.npm.taobao.org/async/download/async-2.6.2.tgz",
      "dependencies": {
        "lodash": {
          "version": "https://registry.npm.taobao.org/lodash/download/lodash-4.17.11.tgz",
          "bundled": true
        }
      }
    },
    "bson": {
      "version": "1.1.1",
      "resolved": "https://registry.npm.taobao.org/bson/download/bson-1.1.1.tgz"
    },
    "bytes": {
      "version": "3.1.0",
      "resolved": "https://registry.npm.taobao.org/bytes/download/bytes-3.1.0.tgz"
    },
    "cross-env": {
      "version": "5.2.0",
      "resolved": "https://registry.npm.taobao.org/cross-env/download/cross-env-5.2.0.tgz",
      "integrity": "sha1-bs1MAV1Xc+YUA57lKQdmabnRJvI=",
      "dev": true,
      "requires": {
        "cross-spawn": "^6.0.5",
        "is-windows": "^1.0.0"
      },
      "dependencies": {
        "cross-spawn": {
          "version": "6.0.5",
          "resolved": "http://registry.npm.taobao.org/cross-spawn/download/cross-spawn-6.0.5.tgz",
          "integrity": "sha1-Sl7Hxk364iw6FBJNus3uhG2Ay8Q=",
          "dev": true,
          "requires": {
            "nice-try": "^1.0.4",
            "path-key": "^2.0.1",
            "semver": "^5.5.0",
            "shebang-command": "^1.2.0",
            "which": "^1.2.9"
          }
        },
        "is-windows": {
          "version": "1.0.2",
          "resolved": "https://registry.npm.taobao.org/is-windows/download/is-windows-1.0.2.tgz",
          "integrity": "sha1-0YUOuXkezRjmGCzhKjDzlmNLsZ0=",
          "dev": true
        },
        "shebang-command": {
          "version": "1.2.0",
          "resolved": "https://registry.npm.taobao.org/shebang-command/download/shebang-command-1.2.0.tgz",
          "integrity": "sha1-RKrGW2lbAzmJaMOfNj/uXer98eo=",
          "dev": true,
          "requires": {
            "shebang-regex": "^1.0.0"
          }
        },
        "shebang-regex": {
          "version": "1.0.0",
          "resolved": "https://registry.npm.taobao.org/shebang-regex/download/shebang-regex-1.0.0.tgz",
          "integrity": "sha1-2kL0l0DAtC2yypcoVxyxkMmO/qM=",
          "dev": true
        }
      }
    },
    "debug": {
      "version": "3.1.0",
      "resolved": "https://registry.npm.taobao.org/debug/download/debug-3.1.0.tgz?cache=0&other_urls=https%3A%2F%2Fregistry.npm.taobao.org%2Fdebug%2Fdownload%2Fdebug-3.1.0.tgz",
      "dependencies": {
        "ms": {
          "version": "https://registry.npm.taobao.org/ms/download/ms-2.0.0.tgz",
          "bundled": true
        }
      }
    },
    "http-errors": {
      "version": "1.7.3",
      "resolved": "https://registry.npm.taobao.org/http-errors/download/http-errors-1.7.3.tgz",
      "dependencies": {
        "depd": {
          "version": "https://registry.npm.taobao.org/depd/download/depd-1.1.2.tgz",
          "bundled": true
        },
        "inherits": {
          "version": "https://registry.npm.taobao.org/inherits/download/inherits-2.0.4.tgz?cache=0&sync_timestamp=1560975547815&other_urls=https%3A%2F%2Fregistry.npm.taobao.org%2Finherits%2Fdownload%2Finherits-2.0.4.tgz",
          "bundled": true
        },
        "setprototypeof": {
          "version": "https://registry.npm.taobao.org/setprototypeof/download/setprototypeof-1.1.1.tgz",
          "bundled": true
        },
        "statuses": {
          "version": "https://registry.npm.taobao.org/statuses/download/statuses-1.5.0.tgz",
          "bundled": true
        },
        "toidentifier": {
          "version": "https://registry.npm.taobao.org/toidentifier/download/toidentifier-1.0.0.tgz",
          "bundled": true
        }
      }
    },
    "inflation": {
      "version": "2.0.0",
      "resolved": "https://registry.npm.taobao.org/inflation/download/inflation-2.0.0.tgz"
    },
    "jsonwebtoken": {
      "version": "8.5.1",
      "resolved": "https://registry.npm.taobao.org/jsonwebtoken/download/jsonwebtoken-8.5.1.tgz",
      "integrity": "sha1-AOceC431TCEhofJhN98igGc7zA0=",
      "requires": {
        "jws": "^3.2.2",
        "lodash.includes": "^4.3.0",
        "lodash.isboolean": "^3.0.3",
        "lodash.isinteger": "^4.0.4",
        "lodash.isnumber": "^3.0.3",
        "lodash.isplainobject": "^4.0.6",
        "lodash.isstring": "^4.0.1",
        "lodash.once": "^4.0.0",
        "ms": "^2.1.1",
        "semver": "^5.6.0"
      },
      "dependencies": {
        "lodash.includes": {
          "version": "4.3.0",
          "resolved": "https://registry.npm.taobao.org/lodash.includes/download/lodash.includes-4.3.0.tgz",
          "integrity": "sha1-YLuYqHy5I8aMoeUTJUgzFISfVT8="
        },
        "lodash.isboolean": {
          "version": "3.0.3",
          "resolved": "https://registry.npm.taobao.org/lodash.isboolean/download/lodash.isboolean-3.0.3.tgz",
          "integrity": "sha1-bC4XHbKiV82WgC/UOwGyDV9YcPY="
        },
        "lodash.isinteger": {
          "version": "4.0.4",
          "resolved": "https://registry.npm.taobao.org/lodash.isinteger/download/lodash.isinteger-4.0.4.tgz",
          "integrity": "sha1-YZwK89A/iwTDH1iChAt3sRzWg0M="
        },
        "lodash.isstring": {
          "version": "4.0.1",
          "resolved": "https://registry.npm.taobao.org/lodash.isstring/download/lodash.isstring-4.0.1.tgz",
          "integrity": "sha1-1SfftUVuynzJu5XV2ur4i6VKVFE="
        },
        "lodash.once": {
          "version": "4.1.1",
          "resolved": "https://registry.npm.taobao.org/lodash.once/download/lodash.once-4.1.1.tgz",
          "integrity": "sha1-DdOXEhPHxW34gJd9UEyI+0cal6w="
        },
        "ms": {
          "version": "2.1.2",
          "resolved": "https://registry.npm.taobao.org/ms/download/ms-2.1.2.tgz",
          "integrity": "sha1-0J0fNXtEP0kzgqjrPM0YOHKuYAk="
        },
        "semver": {
          "version": "5.7.0",
          "resolved": "https://registry.npm.taobao.org/semver/download/semver-5.7.0.tgz",
          "integrity": "sha1-eQp89v6lRZuslhELKbYEEtyP+Ws="
        }
      }
    },
    "jws": {
      "version": "3.2.2",
      "resolved": "https://registry.npm.taobao.org/jws/download/jws-3.2.2.tgz",
      "requires": {
        "safe-buffer": "^5.0.1"
      },
      "dependencies": {
        "jwa": {
          "version": "https://registry.npm.taobao.org/jwa/download/jwa-1.4.1.tgz",
          "bundled": true
        },
        "safe-buffer": {
          "version": "https://registry.npm.taobao.org/safe-buffer/download/safe-buffer-5.2.0.tgz",
          "bundled": true
        }
      }
    },
    "koa": {
      "version": "2.7.0",
      "resolved": "https://registry.npm.taobao.org/koa/download/koa-2.7.0.tgz",
      "requires": {
        "debug": "~3.1.0",
        "http-errors": "^1.6.3"
      },
      "dependencies": {
        "accepts": {
          "version": "https://registry.npm.taobao.org/accepts/download/accepts-1.3.7.tgz",
          "bundled": true
        },
        "cache-content-type": {
          "version": "https://registry.npm.taobao.org/cache-content-type/download/cache-content-type-1.0.1.tgz",
          "bundled": true,
          "dependencies": {
            "mime-types": {
              "version": "https://registry.npm.taobao.org/mime-types/download/mime-types-2.1.24.tgz?cache=0&other_urls=https%3A%2F%2Fregistry.npm.taobao.org%2Fmime-types%2Fdownload%2Fmime-types-2.1.24.tgz",
              "dependencies": {
                "mime-db": {
                  "version": "https://registry.npm.taobao.org/mime-db/download/mime-db-1.40.0.tgz"
                }
              }
            },
            "ylru": {
              "version": "https://registry.npm.taobao.org/ylru/download/ylru-1.2.1.tgz"
            }
          }
        },
        "content-disposition": {
          "version": "https://registry.npm.taobao.org/content-disposition/download/content-disposition-0.5.3.tgz",
          "bundled": true
        },
        "content-type": {
          "version": "https://registry.npm.taobao.org/content-type/download/content-type-1.0.4.tgz",
          "bundled": true
        },
        "cookies": {
          "version": "https://registry.npm.taobao.org/cookies/download/cookies-0.7.3.tgz",
          "bundled": true
        },
        "debug": {
          "version": "https://registry.npm.taobao.org/debug/download/debug-3.1.0.tgz?cache=0&other_urls=https%3A%2F%2Fregistry.npm.taobao.org%2Fdebug%2Fdownload%2Fdebug-3.1.0.tgz",
          "bundled": true
        },
        "delegates": {
          "version": "https://registry.npm.taobao.org/delegates/download/delegates-1.0.0.tgz?cache=0&other_urls=https%3A%2F%2Fregistry.npm.taobao.org%2Fdelegates%2Fdownload%2Fdelegates-1.0.0.tgz",
          "bundled": true
        },
        "depd": {
          "version": "https://registry.npm.taobao.org/depd/download/depd-1.1.2.tgz",
          "bundled": true
        },
        "destroy": {
          "version": "https://registry.npm.taobao.org/destroy/download/destroy-1.0.4.tgz",
          "bundled": true
        },
        "error-inject": {
          "version": "https://registry.npm.taobao.org/error-inject/download/error-inject-1.0.0.tgz",
          "bundled": true
        },
        "escape-html": {
          "version": "https://registry.npm.taobao.org/escape-html/download/escape-html-1.0.3.tgz",
          "bundled": true
        },
        "fresh": {
          "version": "https://registry.npm.taobao.org/fresh/download/fresh-0.5.2.tgz",
          "bundled": true
        },
        "http-assert": {
          "version": "https://registry.npm.taobao.org/http-assert/download/http-assert-1.4.1.tgz",
          "bundled": true
        },
        "http-errors": {
          "version": "https://registry.npm.taobao.org/http-errors/download/http-errors-1.7.3.tgz",
          "bundled": true,
          "dependencies": {
            "depd": {
              "version": "https://registry.npm.taobao.org/depd/download/depd-1.1.2.tgz",
              "bundled": true
            },
            "inherits": {
              "version": "https://registry.npm.taobao.org/inherits/download/inherits-2.0.4.tgz?cache=0&sync_timestamp=1560975547815&other_urls=https%3A%2F%2Fregistry.npm.taobao.org%2Finherits%2Fdownload%2Finherits-2.0.4.tgz",
              "bundled": true
            },
            "setprototypeof": {
              "version": "https://registry.npm.taobao.org/setprototypeof/download/setprototypeof-1.1.1.tgz",
              "bundled": true
            },
            "statuses": {
              "version": "https://registry.npm.taobao.org/statuses/download/statuses-1.5.0.tgz",
              "bundled": true
            },
            "toidentifier": {
              "version": "https://registry.npm.taobao.org/toidentifier/download/toidentifier-1.0.0.tgz",
              "bundled": true
            }
          }
        },
        "is-generator-function": {
          "version": "https://registry.npm.taobao.org/is-generator-function/download/is-generator-function-1.0.7.tgz",
          "bundled": true
        },
        "koa-compose": {
          "version": "https://registry.npm.taobao.org/koa-compose/download/koa-compose-4.1.0.tgz",
          "bundled": true
        },
        "koa-convert": {
          "version": "https://registry.npm.taobao.org/koa-convert/download/koa-convert-1.2.0.tgz?cache=0&other_urls=https%3A%2F%2Fregistry.npm.taobao.org%2Fkoa-convert%2Fdownload%2Fkoa-convert-1.2.0.tgz",
          "bundled": true
        },
        "koa-is-json": {
          "version": "https://registry.npm.taobao.org/koa-is-json/download/koa-is-json-1.0.0.tgz",
          "bundled": true
        },
        "on-finished": {
          "version": "https://registry.npm.taobao.org/on-finished/download/on-finished-2.3.0.tgz",
          "bundled": true
        },
        "only": {
          "version": "https://registry.npm.taobao.org/only/download/only-0.0.2.tgz",
          "bundled": true
        },
        "parseurl": {
          "version": "https://registry.npm.taobao.org/parseurl/download/parseurl-1.3.3.tgz",
          "bundled": true
        },
        "statuses": {
          "version": "https://registry.npm.taobao.org/statuses/download/statuses-1.5.0.tgz",
          "bundled": true
        },
        "type-is": {
          "version": "https://registry.npm.taobao.org/type-is/download/type-is-1.6.18.tgz",
          "bundled": true
        },
        "vary": {
          "version": "https://registry.npm.taobao.org/vary/download/vary-1.1.2.tgz",
          "bundled": true
        }
      }
    },
    "koa-body": {
      "version": "4.1.0",
      "resolved": "https://registry.npm.taobao.org/koa-body/download/koa-body-4.1.0.tgz",
      "integrity": "sha1-mSle4ulUOITlcwrmlngJMLOCHEQ=",
      "requires": {
        "@types/formidable": "^1.0.31",
        "co-body": "^5.1.1",
        "formidable": "^1.1.1"
      },
      "dependencies": {
        "co-body": {
          "version": "5.2.0",
          "resolved": "https://registry.npm.taobao.org/co-body/download/co-body-5.2.0.tgz",
          "integrity": "sha1-WgpljEYCkTHg46MG9nZHMC9xwSQ=",
          "requires": {
            "inflation": "^2.0.0",
            "qs": "^6.4.0",
            "raw-body": "^2.2.0",
            "type-is": "^1.6.14"
          }
        },
        "formidable": {
          "version": "1.2.1",
          "resolved": "https://registry.npm.taobao.org/formidable/download/formidable-1.2.1.tgz",
          "integrity": "sha1-cPt8oCkO5v+WEJBBX0s989IIJlk="
        },
        "mime-types": {
          "version": "2.1.24",
          "resolved": "https://registry.npm.taobao.org/mime-types/download/mime-types-2.1.24.tgz?cache=0&other_urls=https%3A%2F%2Fregistry.npm.taobao.org%2Fmime-types%2Fdownload%2Fmime-types-2.1.24.tgz",
          "integrity": "sha1-tvjQs+lR77d97eyhlM/20W9nb4E=",
          "requires": {
            "mime-db": "1.40.0"
          }
        },
        "qs": {
          "version": "6.7.0",
          "resolved": "https://registry.npm.taobao.org/qs/download/qs-6.7.0.tgz?cache=0&other_urls=https%3A%2F%2Fregistry.npm.taobao.org%2Fqs%2Fdownload%2Fqs-6.7.0.tgz",
          "integrity": "sha1-QdwaAV49WB8WIXdr4xr7KHapsbw="
        },
        "type-is": {
          "version": "1.6.18",
          "resolved": "https://registry.npm.taobao.org/type-is/download/type-is-1.6.18.tgz",
          "integrity": "sha1-TlUs0F3wlGfcvE73Od6J8s83wTE=",
          "requires": {
            "media-typer": "0.3.0",
            "mime-types": "~2.1.24"
          }
        }
      }
    },
    "koa-json-error": {
      "version": "3.1.2",
      "resolved": "https://registry.npm.taobao.org/koa-json-error/download/koa-json-error-3.1.2.tgz",
      "dependencies": {
        "lodash.compact": {
          "version": "https://registry.npm.taobao.org/lodash.compact/download/lodash.compact-3.0.1.tgz",
          "bundled": true
        },
        "lodash.curry": {
          "version": "https://registry.npm.taobao.org/lodash.curry/download/lodash.curry-4.1.1.tgz",
          "bundled": true
        }
      }
    },
    "koa-jwt": {
      "version": "3.6.0",
      "resolved": "https://registry.npm.taobao.org/koa-jwt/download/koa-jwt-3.6.0.tgz",
      "integrity": "sha1-tUU3xnzZAW8C1Uuf1587JWwlqrQ=",
      "requires": {
        "jsonwebtoken": "8.5.1",
        "koa-unless": "1.0.7",
        "p-any": "1.1.0"
      }
    },
    "koa-parameter": {
      "version": "3.0.1",
      "resolved": "https://registry.npm.taobao.org/koa-parameter/download/koa-parameter-3.0.1.tgz",
      "integrity": "sha1-sGRfJBLq23nToYCNF+0wgkpUyIc=",
      "requires": {
        "parameter": "^2.2.0"
      }
    },
    "koa-router": {
      "version": "7.4.0",
      "resolved": "https://registry.npm.taobao.org/koa-router/download/koa-router-7.4.0.tgz",
      "integrity": "sha1-ruH3rcAtXLMdfWdGXJ6syCXoxeA=",
      "requires": {
        "debug": "^3.1.0",
        "http-errors": "^1.3.1",
        "koa-compose": "^3.0.0",
        "methods": "^1.0.1",
        "path-to-regexp": "^1.1.1",
        "urijs": "^1.19.0"
      },
      "dependencies": {
        "any-promise": {
          "version": "1.3.0",
          "resolved": "http://registry.npm.taobao.org/any-promise/download/any-promise-1.3.0.tgz",
          "integrity": "sha1-q8av7tzqUugJzcA3au0845Y10X8="
        },
        "debug": {
          "version": "3.2.6",
          "resolved": "https://registry.npm.taobao.org/debug/download/debug-3.2.6.tgz?cache=0&other_urls=https%3A%2F%2Fregistry.npm.taobao.org%2Fdebug%2Fdownload%2Fdebug-3.2.6.tgz",
          "integrity": "sha1-6D0X3hbYp++3cX7b5fsQE17uYps=",
          "requires": {
            "ms": "^2.1.1"
          }
        },
        "koa-compose": {
          "version": "3.2.1",
          "resolved": "https://registry.npm.taobao.org/koa-compose/download/koa-compose-3.2.1.tgz",
          "integrity": "sha1-qFzLQLfZhtjlo0Wzoazo6rz1Tec=",
          "requires": {
            "any-promise": "^1.1.0"
          }
        },
        "methods": {
          "version": "1.1.2",
          "resolved": "https://registry.npm.taobao.org/methods/download/methods-1.1.2.tgz",
          "integrity": "sha1-VSmk1nZUE07cxSZmVoNbD4Ua/O4="
        },
        "ms": {
          "version": "2.1.2",
          "resolved": "https://registry.npm.taobao.org/ms/download/ms-2.1.2.tgz",
          "integrity": "sha1-0J0fNXtEP0kzgqjrPM0YOHKuYAk="
        }
      }
    },
    "koa-unless": {
      "version": "1.0.7",
      "resolved": "https://registry.npm.taobao.org/koa-unless/download/koa-unless-1.0.7.tgz"
    },
    "lodash.isnumber": {
      "version": "3.0.3",
      "resolved": "https://registry.npm.taobao.org/lodash.isnumber/download/lodash.isnumber-3.0.3.tgz"
    },
    "lodash.isplainobject": {
      "version": "4.0.6",
      "resolved": "https://registry.npm.taobao.org/lodash.isplainobject/download/lodash.isplainobject-4.0.6.tgz"
    },
    "media-typer": {
      "version": "0.3.0",
      "resolved": "https://registry.npm.taobao.org/media-typer/download/media-typer-0.3.0.tgz"
    },
    "mime-db": {
      "version": "1.40.0",
      "resolved": "https://registry.npm.taobao.org/mime-db/download/mime-db-1.40.0.tgz"
    },
    "mongodb": {
      "version": "3.2.7",
      "resolved": "https://registry.npm.taobao.org/mongodb/download/mongodb-3.2.7.tgz",
      "requires": {
        "mongodb-core": "3.2.7",
        "safe-buffer": "^5.1.2"
      },
      "dependencies": {
        "mongodb-core": {
          "version": "https://registry.npm.taobao.org/mongodb-core/download/mongodb-core-3.2.7.tgz",
          "bundled": true
        },
        "safe-buffer": {
          "version": "https://registry.npm.taobao.org/safe-buffer/download/safe-buffer-5.2.0.tgz",
          "bundled": true
        }
      }
    },
    "mongodb-core": {
      "version": "3.2.7",
      "resolved": "https://registry.npm.taobao.org/mongodb-core/download/mongodb-core-3.2.7.tgz",
      "requires": {
        "bson": "^1.1.1",
        "safe-buffer": "^5.1.2"
      },
      "dependencies": {
        "bson": {
          "version": "https://registry.npm.taobao.org/bson/download/bson-1.1.1.tgz",
          "bundled": true
        },
        "require_optional": {
          "version": "https://registry.npm.taobao.org/require_optional/download/require_optional-1.0.1.tgz",
          "bundled": true
        },
        "safe-buffer": {
          "version": "https://registry.npm.taobao.org/safe-buffer/download/safe-buffer-5.2.0.tgz",
          "bundled": true
        },
        "saslprep": {
          "version": "https://registry.npm.taobao.org/saslprep/download/saslprep-1.0.3.tgz",
          "bundled": true
        }
      }
    },
    "mongoose": {
      "version": "5.6.4",
      "resolved": "https://registry.npm.taobao.org/mongoose/download/mongoose-5.6.4.tgz",
      "integrity": "sha1-BJyorVrBalKMI6IDAVefeskv2w4=",
      "requires": {
        "async": "2.6.2",
        "bson": "~1.1.1",
        "kareem": "2.3.0",
        "mongodb": "3.2.7",
        "mongodb-core": "3.2.7",
        "mongoose-legacy-pluralize": "1.0.2",
        "mpath": "0.6.0",
        "mquery": "3.2.1",
        "ms": "2.1.2",
        "regexp-clone": "1.0.0",
        "safe-buffer": "5.1.2",
        "sift": "7.0.1",
        "sliced": "1.0.1"
      },
      "dependencies": {
        "bluebird": {
          "version": "3.5.1",
          "resolved": "https://registry.npm.taobao.org/bluebird/download/bluebird-3.5.1.tgz?cache=0&other_urls=https%3A%2F%2Fregistry.npm.taobao.org%2Fbluebird%2Fdownload%2Fbluebird-3.5.1.tgz",
          "integrity": "sha1-2VUfnemPH82h5oPRfukaBgLuLrk="
        },
        "kareem": {
          "version": "2.3.0",
          "resolved": "https://registry.npm.taobao.org/kareem/download/kareem-2.3.0.tgz",
          "integrity": "sha1-7zPELpAk3OUR7q9EDNaE868fx2k="
        },
        "mongoose-legacy-pluralize": {
          "version": "1.0.2",
          "resolved": "https://registry.npm.taobao.org/mongoose-legacy-pluralize/download/mongoose-legacy-pluralize-1.0.2.tgz",
          "integrity": "sha1-O6n5H6UHtRhtOZ+0CFS/8Y+1Y+Q="
        },
        "mpath": {
          "version": "0.6.0",
          "resolved": "https://registry.npm.taobao.org/mpath/download/mpath-0.6.0.tgz",
          "integrity": "sha1-qpIgKfyk8PZB82DnTFwbakxHB44="
        },
        "mquery": {
          "version": "3.2.1",
          "resolved": "https://registry.npm.taobao.org/mquery/download/mquery-3.2.1.tgz",
          "integrity": "sha1-iwWaSc2uCoqegEKE72TC9Y06wF0=",
          "requires": {
            "bluebird": "3.5.1",
            "debug": "3.1.0",
            "regexp-clone": "^1.0.0",
            "safe-buffer": "5.1.2",
            "sliced": "1.0.1"
          }
        },
        "ms": {
          "version": "2.1.2",
          "resolved": "https://registry.npm.taobao.org/ms/download/ms-2.1.2.tgz",
          "integrity": "sha1-0J0fNXtEP0kzgqjrPM0YOHKuYAk="
        },
        "sift": {
          "version": "7.0.1",
          "resolved": "https://registry.npm.taobao.org/sift/download/sift-7.0.1.tgz",
          "integrity": "sha1-R9YsULFZ0xbxNy+LU/nBDNIaSwg="
        }
      }
    },
    "nice-try": {
      "version": "1.0.5",
      "resolved": "https://registry.npm.taobao.org/nice-try/download/nice-try-1.0.5.tgz",
      "dev": true
    },
    "nodemon": {
      "version": "1.19.1",
      "resolved": "https://registry.npm.taobao.org/nodemon/download/nodemon-1.19.1.tgz?cache=0&other_urls=https%3A%2F%2Fregistry.npm.taobao.org%2Fnodemon%2Fdownload%2Fnodemon-1.19.1.tgz",
      "dev": true,
      "requires": {
        "debug": "^3.1.0",
        "semver": "^5.5.0"
      },
      "dependencies": {
        "chokidar": {
          "version": "https://registry.npm.taobao.org/chokidar/download/chokidar-2.1.6.tgz?cache=0&sync_timestamp=1562457945399&other_urls=https%3A%2F%2Fregistry.npm.taobao.org%2Fchokidar%2Fdownload%2Fchokidar-2.1.6.tgz",
          "bundled": true
        },
        "debug": {
          "version": "https://registry.npm.taobao.org/debug/download/debug-3.2.6.tgz?cache=0&other_urls=https%3A%2F%2Fregistry.npm.taobao.org%2Fdebug%2Fdownload%2Fdebug-3.2.6.tgz",
          "bundled": true,
          "dependencies": {
            "ms": {
              "version": "https://registry.npm.taobao.org/ms/download/ms-2.1.2.tgz"
            }
          }
        },
        "ignore-by-default": {
          "version": "https://registry.npm.taobao.org/ignore-by-default/download/ignore-by-default-1.0.1.tgz",
          "bundled": true
        },
        "minimatch": {
          "version": "https://registry.npm.taobao.org/minimatch/download/minimatch-3.0.4.tgz",
          "bundled": true
        },
        "pstree.remy": {
          "version": "https://registry.npm.taobao.org/pstree.remy/download/pstree.remy-1.1.7.tgz",
          "bundled": true
        },
        "semver": {
          "version": "https://registry.npm.taobao.org/semver/download/semver-5.7.0.tgz",
          "bundled": true
        },
        "supports-color": {
          "version": "https://registry.npm.taobao.org/supports-color/download/supports-color-5.5.0.tgz",
          "bundled": true
        },
        "touch": {
          "version": "https://registry.npm.taobao.org/touch/download/touch-3.1.0.tgz",
          "bundled": true
        },
        "undefsafe": {
          "version": "https://registry.npm.taobao.org/undefsafe/download/undefsafe-2.0.2.tgz",
          "bundled": true,
          "dependencies": {
            "debug": {
              "version": "https://registry.npm.taobao.org/debug/download/debug-2.6.9.tgz?cache=0&other_urls=https%3A%2F%2Fregistry.npm.taobao.org%2Fdebug%2Fdownload%2Fdebug-2.6.9.tgz",
              "bundled": true,
              "dependencies": {
                "ms": {
                  "version": "https://registry.npm.taobao.org/ms/download/ms-2.0.0.tgz"
                }
              }
            }
          }
        },
        "update-notifier": {
          "version": "https://registry.npm.taobao.org/update-notifier/download/update-notifier-2.5.0.tgz?cache=0&other_urls=https%3A%2F%2Fregistry.npm.taobao.org%2Fupdate-notifier%2Fdownload%2Fupdate-notifier-2.5.0.tgz",
          "bundled": true
        }
      }
    },
    "p-any": {
      "version": "1.1.0",
      "resolved": "https://registry.npm.taobao.org/p-any/download/p-any-1.1.0.tgz"
    },
    "parameter": {
      "version": "2.4.0",
      "resolved": "https://registry.npm.taobao.org/parameter/download/parameter-2.4.0.tgz"
    },
    "path-key": {
      "version": "2.0.1",
      "resolved": "https://registry.npm.taobao.org/path-key/download/path-key-2.0.1.tgz",
      "dev": true
    },
    "path-to-regexp": {
      "version": "1.7.0",
      "resolved": "https://registry.npm.taobao.org/path-to-regexp/download/path-to-regexp-1.7.0.tgz?cache=0&other_urls=https%3A%2F%2Fregistry.npm.taobao.org%2Fpath-to-regexp%2Fdownload%2Fpath-to-regexp-1.7.0.tgz",
      "requires": {
        "isarray": "0.0.1"
      },
      "dependencies": {
        "isarray": {
          "version": "0.0.1",
          "resolved": "https://registry.npm.taobao.org/isarray/download/isarray-0.0.1.tgz?cache=0&sync_timestamp=1562592096220&other_urls=https%3A%2F%2Fregistry.npm.taobao.org%2Fisarray%2Fdownload%2Fisarray-0.0.1.tgz",
          "integrity": "sha1-ihis/Kmo9Bd+Cav8YDiTmwXR7t8="
        }
      }
    },
    "raw-body": {
      "version": "2.4.1",
      "resolved": "https://registry.npm.taobao.org/raw-body/download/raw-body-2.4.1.tgz",
      "requires": {
        "bytes": "3.1.0",
        "http-errors": "1.7.3"
      },
      "dependencies": {
        "bytes": {
          "version": "https://registry.npm.taobao.org/bytes/download/bytes-3.1.0.tgz",
          "bundled": true
        },
        "http-errors": {
          "version": "https://registry.npm.taobao.org/http-errors/download/http-errors-1.7.3.tgz",
          "bundled": true
        },
        "iconv-lite": {
          "version": "https://registry.npm.taobao.org/iconv-lite/download/iconv-lite-0.4.24.tgz?cache=0&sync_timestamp=1561588160612&other_urls=https%3A%2F%2Fregistry.npm.taobao.org%2Ficonv-lite%2Fdownload%2Ficonv-lite-0.4.24.tgz",
          "bundled": true
        },
        "unpipe": {
          "version": "https://registry.npm.taobao.org/unpipe/download/unpipe-1.0.0.tgz",
          "bundled": true
        }
      }
    },
    "regexp-clone": {
      "version": "1.0.0",
      "resolved": "https://registry.npm.taobao.org/regexp-clone/download/regexp-clone-1.0.0.tgz"
    },
    "safe-buffer": {
      "version": "5.1.2",
      "resolved": "https://registry.npm.taobao.org/safe-buffer/download/safe-buffer-5.1.2.tgz"
    },
    "semver": {
      "version": "5.7.0",
      "resolved": "https://registry.npm.taobao.org/semver/download/semver-5.7.0.tgz",
      "dev": true
    },
    "sliced": {
      "version": "1.0.1",
      "resolved": "https://registry.npm.taobao.org/sliced/download/sliced-1.0.1.tgz"
    },
    "urijs": {
      "version": "1.19.1",
      "resolved": "https://registry.npm.taobao.org/urijs/download/urijs-1.19.1.tgz"
    },
    "which": {
      "version": "1.3.1",
      "resolved": "https://registry.npm.taobao.org/which/download/which-1.3.1.tgz",
      "dev": true,
      "dependencies": {
        "isexe": {
          "version": "https://registry.npm.taobao.org/isexe/download/isexe-2.0.0.tgz",
          "bundled": true
        }
      }
    }
  }
}
